{
  "name": "mini-link-servers",
  "version": "0.9.9",
  "lockfileVersion": 2,
  "requires": true,
  "packages": {
    "": {
      "name": "mini-link-servers",
      "version": "0.9.9",
      "dependencies": {
        "@polka/send-type": "^0.5.2",
        "categorical-handlers": "^0.3.8",
        "copious-little-searcher": "0.2.4",
        "middie": "^7.1.0",
        "month-utils": "^0.8.1",
        "polka": "^0.5.2"
      },
      "bin": {
        "blog-mls-server": "blog/data_server.js",
        "calendar-mls-server": "calendar/data_server.js",
        "contacts-mls-server": "contacts/data_server.js",
        "demos-mls-server": "demos/data_server.js",
        "link-packages-mls-server": "link-packages/data_server.js",
        "streams-mls-server": "streams/data_server.js"
      },
      "devDependencies": {
        "copious-registry": "^0.1.4"
      }
    },
    "node_modules/@arr/every": {
      "version": "1.0.1",
      "resolved": "https://registry.npmjs.org/@arr/every/-/every-1.0.1.tgz",
      "integrity": "sha512-UQFQ6SgyJ6LX42W8rHCs8KVc0JS0tzVL9ct4XYedJukskYVWTo49tNiMEK9C2HTyarbNiT/RVIRSY82vH+6sTg==",
      "engines": {
        "node": ">=4"
      }
    },
    "node_modules/@polka/send-type": {
      "version": "0.5.2",
      "resolved": "https://registry.npmjs.org/@polka/send-type/-/send-type-0.5.2.tgz",
      "integrity": "sha512-jGXalKihnhGQmMQ+xxfxrRfI2cWs38TIZuwgYpnbQDD4r9TkOiU3ocjAS+6CqqMNQNAu9Ul2iHU5YFRDODak2w=="
    },
    "node_modules/@polka/url": {
      "version": "0.5.0",
      "resolved": "https://registry.npmjs.org/@polka/url/-/url-0.5.0.tgz",
      "integrity": "sha512-oZLYFEAzUKyi3SKnXvj32ZCEGH6RDnao7COuCVhDydMS9NrCSVXhM79VaKyP5+Zc33m0QXEd2DN3UkU7OsHcfw=="
    },
    "node_modules/categorical-handlers": {
      "version": "0.3.8",
      "resolved": "https://registry.npmjs.org/categorical-handlers/-/categorical-handlers-0.3.8.tgz",
      "integrity": "sha512-aTM44WmP9PmNDrEjG7j+LmhvBsrCwsW5qokKUsdGyfYOyhs7pLvFITjC+pTcoxHm27kvIQgB6/dWjJyGLqfgUA==",
      "dependencies": {
        "message-relay-services": "^0.9.6"
      },
      "funding": {
        "type": "GitHub Sponsors",
        "url": "https://github.com/sponsors/copious-world"
      }
    },
    "node_modules/copious-little-searcher": {
      "version": "0.2.4",
      "resolved": "https://registry.npmjs.org/copious-little-searcher/-/copious-little-searcher-0.2.4.tgz",
      "integrity": "sha512-5UAK328g5mhCrXk99k6iEpLR3ASDCTfgZKxQ5cxuThS6vBcYgHXrm7F+9Art2iVJTpYIViJn6OX4eMLaQezNbA==",
      "dependencies": {
        "copious-registry": "^0.1.4"
      }
    },
    "node_modules/copious-registry": {
      "version": "0.1.4",
      "resolved": "https://registry.npmjs.org/copious-registry/-/copious-registry-0.1.4.tgz",
      "integrity": "sha512-04U4N11zYhvtPw2uu99pGxB2dj4HmqZXYVHcR3xhXqgSQ3EmcZb5smDnas3+dpylBoI1xUG8f+xFhohsMx64vQ=="
    },
    "node_modules/fastify-plugin": {
      "version": "3.0.1",
      "resolved": "https://registry.npmjs.org/fastify-plugin/-/fastify-plugin-3.0.1.tgz",
      "integrity": "sha512-qKcDXmuZadJqdTm6vlCqioEbyewF60b/0LOFCcYN1B6BIZGlYJumWWOYs70SFYLDAH4YqdE1cxH/RKMG7rFxgA=="
    },
    "node_modules/matchit": {
      "version": "1.1.0",
      "resolved": "https://registry.npmjs.org/matchit/-/matchit-1.1.0.tgz",
      "integrity": "sha512-+nGYoOlfHmxe5BW5tE0EMJppXEwdSf8uBA1GTZC7Q77kbT35+VKLYJMzVNWCHSsga1ps1tPYFtFyvxvKzWVmMA==",
      "dependencies": {
        "@arr/every": "^1.0.0"
      },
      "engines": {
        "node": ">=6"
      }
    },
    "node_modules/message-relay-services": {
      "version": "0.9.11",
      "resolved": "https://registry.npmjs.org/message-relay-services/-/message-relay-services-0.9.11.tgz",
      "integrity": "sha512-9aIKa2AYhzLD6r9q5aR647foEv8hfxCBhv/RFNxMUThjgJ4jaA0jFw/wYKLQPiOf8ARA2WCNVy/eCOQFkHbtkQ==",
      "funding": {
        "type": "GitHub Sponsors",
        "url": "https://github.com/sponsors/copious-world"
      }
    },
    "node_modules/middie": {
      "version": "7.1.0",
      "resolved": "https://registry.npmjs.org/middie/-/middie-7.1.0.tgz",
      "integrity": "sha512-1Fq0i+nGYlPyVv5pBbnXSdkcQ4in1d9pNv2DMwTKGztsqyAng9PN/PNl4PMhccScEWOvj+HT5QtANsA0AuYHFw==",
      "dependencies": {
        "middie-deprecated": "npm:middie@7.0.0",
        "process-warning": "^1.0.0"
      }
    },
    "node_modules/middie-deprecated": {
      "name": "middie",
      "version": "7.0.0",
      "resolved": "https://registry.npmjs.org/middie/-/middie-7.0.0.tgz",
      "integrity": "sha512-gAX1DrlTOMsDW6MskZrCJQW1j56I7VHqKFdwGSMtZuIbymye2j89R1juPLLCyEMrx0sZR9EZ+VqnWqOh9KH4PQ==",
      "dependencies": {
        "fastify-plugin": "^3.0.0",
        "path-to-regexp": "^6.1.0",
        "reusify": "^1.0.4"
      }
    },
    "node_modules/month-utils": {
      "version": "0.8.1",
      "resolved": "https://registry.npmjs.org/month-utils/-/month-utils-0.8.1.tgz",
      "integrity": "sha512-X5oua6Uhj/SFSOn0mJSkjmrPg/97KdAlysmYUEzHnvBBWerL/2wmmSh7wz45/D5XWXkjVwyj+9bbRZyZUmXHTA==",
      "funding": {
        "type": "GitHub Sponsors",
        "url": "https://github.com/sponsors/copious-world"
      }
    },
    "node_modules/path-to-regexp": {
      "version": "6.2.1",
      "resolved": "https://registry.npmjs.org/path-to-regexp/-/path-to-regexp-6.2.1.tgz",
      "integrity": "sha512-JLyh7xT1kizaEvcaXOQwOc2/Yhw6KZOvPf1S8401UyLk86CU79LN3vl7ztXGm/pZ+YjoyAJ4rxmHwbkBXJX+yw=="
    },
    "node_modules/polka": {
      "version": "0.5.2",
      "resolved": "https://registry.npmjs.org/polka/-/polka-0.5.2.tgz",
      "integrity": "sha512-FVg3vDmCqP80tOrs+OeNlgXYmFppTXdjD5E7I4ET1NjvtNmQrb1/mJibybKkb/d4NA7YWAr1ojxuhpL3FHqdlw==",
      "dependencies": {
        "@polka/url": "^0.5.0",
        "trouter": "^2.0.1"
      }
    },
    "node_modules/process-warning": {
      "version": "1.0.0",
      "resolved": "https://registry.npmjs.org/process-warning/-/process-warning-1.0.0.tgz",
      "integrity": "sha512-du4wfLyj4yCZq1VupnVSZmRsPJsNuxoDQFdCFHLaYiEbFBD7QE0a+I4D7hOxrVnh78QE/YipFAj9lXHiXocV+Q=="
    },
    "node_modules/reusify": {
      "version": "1.0.4",
      "resolved": "https://registry.npmjs.org/reusify/-/reusify-1.0.4.tgz",
      "integrity": "sha512-U9nH88a3fc/ekCF1l0/UP1IosiuIjyTh7hBvXVMHYgVcfGvt897Xguj2UOLDeI5BG2m7/uwyaLVT6fbtCwTyzw==",
      "engines": {
        "iojs": ">=1.0.0",
        "node": ">=0.10.0"
      }
    },
    "node_modules/trouter": {
      "version": "2.0.1",
      "resolved": "https://registry.npmjs.org/trouter/-/trouter-2.0.1.tgz",
      "integrity": "sha512-kr8SKKw94OI+xTGOkfsvwZQ8mWoikZDd2n8XZHjJVZUARZT+4/VV6cacRS6CLsH9bNm+HFIPU1Zx4CnNnb4qlQ==",
      "dependencies": {
        "matchit": "^1.0.0"
      },
      "engines": {
        "node": ">=6"
      }
    }
  },
  "dependencies": {
    "@arr/every": {
      "version": "1.0.1",
      "resolved": "https://registry.npmjs.org/@arr/every/-/every-1.0.1.tgz",
      "integrity": "sha512-UQFQ6SgyJ6LX42W8rHCs8KVc0JS0tzVL9ct4XYedJukskYVWTo49tNiMEK9C2HTyarbNiT/RVIRSY82vH+6sTg=="
    },
    "@polka/send-type": {
      "version": "0.5.2",
      "resolved": "https://registry.npmjs.org/@polka/send-type/-/send-type-0.5.2.tgz",
      "integrity": "sha512-jGXalKihnhGQmMQ+xxfxrRfI2cWs38TIZuwgYpnbQDD4r9TkOiU3ocjAS+6CqqMNQNAu9Ul2iHU5YFRDODak2w=="
    },
    "@polka/url": {
      "version": "0.5.0",
      "resolved": "https://registry.npmjs.org/@polka/url/-/url-0.5.0.tgz",
      "integrity": "sha512-oZLYFEAzUKyi3SKnXvj32ZCEGH6RDnao7COuCVhDydMS9NrCSVXhM79VaKyP5+Zc33m0QXEd2DN3UkU7OsHcfw=="
    },
    "categorical-handlers": {
      "version": "0.3.8",
      "resolved": "https://registry.npmjs.org/categorical-handlers/-/categorical-handlers-0.3.8.tgz",
      "integrity": "sha512-aTM44WmP9PmNDrEjG7j+LmhvBsrCwsW5qokKUsdGyfYOyhs7pLvFITjC+pTcoxHm27kvIQgB6/dWjJyGLqfgUA==",
      "requires": {
        "message-relay-services": "^0.9.6"
      }
    },
    "copious-little-searcher": {
      "version": "0.2.4",
      "resolved": "https://registry.npmjs.org/copious-little-searcher/-/copious-little-searcher-0.2.4.tgz",
      "integrity": "sha512-5UAK328g5mhCrXk99k6iEpLR3ASDCTfgZKxQ5cxuThS6vBcYgHXrm7F+9Art2iVJTpYIViJn6OX4eMLaQezNbA==",
      "requires": {
        "copious-registry": "^0.1.4"
      }
    },
    "copious-registry": {
      "version": "0.1.4",
      "resolved": "https://registry.npmjs.org/copious-registry/-/copious-registry-0.1.4.tgz",
      "integrity": "sha512-04U4N11zYhvtPw2uu99pGxB2dj4HmqZXYVHcR3xhXqgSQ3EmcZb5smDnas3+dpylBoI1xUG8f+xFhohsMx64vQ=="
    },
    "fastify-plugin": {
      "version": "3.0.1",
      "resolved": "https://registry.npmjs.org/fastify-plugin/-/fastify-plugin-3.0.1.tgz",
      "integrity": "sha512-qKcDXmuZadJqdTm6vlCqioEbyewF60b/0LOFCcYN1B6BIZGlYJumWWOYs70SFYLDAH4YqdE1cxH/RKMG7rFxgA=="
    },
    "matchit": {
      "version": "1.1.0",
      "resolved": "https://registry.npmjs.org/matchit/-/matchit-1.1.0.tgz",
      "integrity": "sha512-+nGYoOlfHmxe5BW5tE0EMJppXEwdSf8uBA1GTZC7Q77kbT35+VKLYJMzVNWCHSsga1ps1tPYFtFyvxvKzWVmMA==",
      "requires": {
        "@arr/every": "^1.0.0"
      }
    },
    "message-relay-services": {
      "version": "0.9.11",
      "resolved": "https://registry.npmjs.org/message-relay-services/-/message-relay-services-0.9.11.tgz",
      "integrity": "sha512-9aIKa2AYhzLD6r9q5aR647foEv8hfxCBhv/RFNxMUThjgJ4jaA0jFw/wYKLQPiOf8ARA2WCNVy/eCOQFkHbtkQ=="
    },
    "middie": {
      "version": "7.1.0",
      "resolved": "https://registry.npmjs.org/middie/-/middie-7.1.0.tgz",
      "integrity": "sha512-1Fq0i+nGYlPyVv5pBbnXSdkcQ4in1d9pNv2DMwTKGztsqyAng9PN/PNl4PMhccScEWOvj+HT5QtANsA0AuYHFw==",
      "requires": {
        "middie-deprecated": "npm:middie@7.0.0",
        "process-warning": "^1.0.0"
      }
    },
    "middie-deprecated": {
      "version": "npm:middie@7.0.0",
      "resolved": "https://registry.npmjs.org/middie/-/middie-7.0.0.tgz",
      "integrity": "sha512-gAX1DrlTOMsDW6MskZrCJQW1j56I7VHqKFdwGSMtZuIbymye2j89R1juPLLCyEMrx0sZR9EZ+VqnWqOh9KH4PQ==",
      "requires": {
        "fastify-plugin": "^3.0.0",
        "path-to-regexp": "^6.1.0",
        "reusify": "^1.0.4"
      }
    },
    "month-utils": {
      "version": "0.8.1",
      "resolved": "https://registry.npmjs.org/month-utils/-/month-utils-0.8.1.tgz",
      "integrity": "sha512-X5oua6Uhj/SFSOn0mJSkjmrPg/97KdAlysmYUEzHnvBBWerL/2wmmSh7wz45/D5XWXkjVwyj+9bbRZyZUmXHTA=="
    },
    "path-to-regexp": {
      "version": "6.2.1",
      "resolved": "https://registry.npmjs.org/path-to-regexp/-/path-to-regexp-6.2.1.tgz",
      "integrity": "sha512-JLyh7xT1kizaEvcaXOQwOc2/Yhw6KZOvPf1S8401UyLk86CU79LN3vl7ztXGm/pZ+YjoyAJ4rxmHwbkBXJX+yw=="
    },
    "polka": {
      "version": "0.5.2",
      "resolved": "https://registry.npmjs.org/polka/-/polka-0.5.2.tgz",
      "integrity": "sha512-FVg3vDmCqP80tOrs+OeNlgXYmFppTXdjD5E7I4ET1NjvtNmQrb1/mJibybKkb/d4NA7YWAr1ojxuhpL3FHqdlw==",
      "requires": {
        "@polka/url": "^0.5.0",
        "trouter": "^2.0.1"
      }
    },
    "process-warning": {
      "version": "1.0.0",
      "resolved": "https://registry.npmjs.org/process-warning/-/process-warning-1.0.0.tgz",
      "integrity": "sha512-du4wfLyj4yCZq1VupnVSZmRsPJsNuxoDQFdCFHLaYiEbFBD7QE0a+I4D7hOxrVnh78QE/YipFAj9lXHiXocV+Q=="
    },
    "reusify": {
      "version": "1.0.4",
      "resolved": "https://registry.npmjs.org/reusify/-/reusify-1.0.4.tgz",
      "integrity": "sha512-U9nH88a3fc/ekCF1l0/UP1IosiuIjyTh7hBvXVMHYgVcfGvt897Xguj2UOLDeI5BG2m7/uwyaLVT6fbtCwTyzw=="
    },
    "trouter": {
      "version": "2.0.1",
      "resolved": "https://registry.npmjs.org/trouter/-/trouter-2.0.1.tgz",
      "integrity": "sha512-kr8SKKw94OI+xTGOkfsvwZQ8mWoikZDd2n8XZHjJVZUARZT+4/VV6cacRS6CLsH9bNm+HFIPU1Zx4CnNnb4qlQ==",
      "requires": {
        "matchit": "^1.0.0"
      }
    }
  }
}
