{
  "name": "mini-link-servers",
  "version": "1.0.1",
  "lockfileVersion": 2,
  "requires": true,
  "packages": {
    "": {
      "name": "mini-link-servers",
      "version": "1.0.1",
      "dependencies": {
        "copious-little-searcher": "0.5.9",
        "link-server-class": "^1.0.1"
      },
      "bin": {
        "blog-mls-server": "bin/data_server.js ./blog/server.conf",
        "calendar-mls-server": "bin/data_server.js ./calendar/server.conf",
        "chats-mls-server": "bin/data_server.js ./chats/server.conf",
        "comments-mls-server": "bin/data_server.js ./comments/server.conf",
        "contacts-mls-server": "bin/data_server.js ./contacts/server.conf",
        "demos-mls-server": "bin/data_server.js ./demos/server.conf",
        "link-packages-mls-server": "bin/data_server.js ./link-packages/server.conf",
        "ownership-mls-server": "bin/data_server.js ./ownership/server.conf",
        "streams-mls-server": "bin/data_server.js ./streams/server.conf",
        "users-mls-server": "bin/data_server.js ./users/server.conf"
      }
    },
    "node_modules/@arr/every": {
      "version": "1.0.1",
      "resolved": "https://registry.npmjs.org/@arr/every/-/every-1.0.1.tgz",
      "integrity": "sha512-UQFQ6SgyJ6LX42W8rHCs8KVc0JS0tzVL9ct4XYedJukskYVWTo49tNiMEK9C2HTyarbNiT/RVIRSY82vH+6sTg==",
      "engines": {
        "node": ">=4"
      }
    },
    "node_modules/@polka/send-type": {
      "version": "0.5.2",
      "resolved": "https://registry.npmjs.org/@polka/send-type/-/send-type-0.5.2.tgz",
      "integrity": "sha512-jGXalKihnhGQmMQ+xxfxrRfI2cWs38TIZuwgYpnbQDD4r9TkOiU3ocjAS+6CqqMNQNAu9Ul2iHU5YFRDODak2w=="
    },
    "node_modules/@polka/url": {
      "version": "0.5.0",
      "resolved": "https://registry.npmjs.org/@polka/url/-/url-0.5.0.tgz",
      "integrity": "sha512-oZLYFEAzUKyi3SKnXvj32ZCEGH6RDnao7COuCVhDydMS9NrCSVXhM79VaKyP5+Zc33m0QXEd2DN3UkU7OsHcfw=="
    },
    "node_modules/categorical-handlers": {
      "version": "0.4.10",
      "resolved": "https://registry.npmjs.org/categorical-handlers/-/categorical-handlers-0.4.10.tgz",
      "integrity": "sha512-HAgU+t4m2ZYXbhUWrkrKnb2RofsaxABGXq7oLIMSWjzdrSzJdCLwGIRuZ4skzNKuvqica8ERUSiHS9tclAv6Mg==",
      "dependencies": {
        "extra-file-class": "^0.9.9",
        "message-relay-services": "^0.9.12"
      },
      "funding": {
        "type": "GitHub Sponsors",
        "url": "https://github.com/sponsors/copious-world"
      }
    },
    "node_modules/copious-little-searcher": {
      "version": "0.5.9",
      "resolved": "https://registry.npmjs.org/copious-little-searcher/-/copious-little-searcher-0.5.9.tgz",
      "integrity": "sha512-v3b8z7nIgawh1OJFfuT5CQShbWdIqY9ahEa8m/89/Q9tL+AoCMZ6q5x/ZwdEmh8kLB6LjrYfbPMH86t4wAXDXw==",
      "dependencies": {
        "copious-registry": "^0.5.8"
      },
      "funding": {
        "type": "GitHub Sponsors",
        "url": "https://github.com/sponsors/copious-world"
      }
    },
    "node_modules/copious-registry": {
      "version": "0.5.8",
      "resolved": "https://registry.npmjs.org/copious-registry/-/copious-registry-0.5.8.tgz",
      "integrity": "sha512-g6YqAJvvQbx60Kub1w+rkTLEVgi5wDuxBuxP+pqGiLvkbJ8XRyLLbmgPnFjRpWl89unMeMxQKYOwmMkW9yLBBw==",
      "dependencies": {
        "extra-file-class": "^0.9.20",
        "xxhash32-node-cmake": "^1.1.0"
      },
      "funding": {
        "type": "GitHub Sponsors",
        "url": "https://github.com/sponsors/copious-world"
      }
    },
    "node_modules/extra-file-class": {
      "version": "0.9.20",
      "resolved": "https://registry.npmjs.org/extra-file-class/-/extra-file-class-0.9.20.tgz",
      "integrity": "sha512-BAcP0YBLEhKsNhq9MvVJjnjMEChpeR+D3JQMWq9OSFaZ8ga9J+9H7bUkMGSvgR3UM29nZUvjqbILyRKJOpx4xA=="
    },
    "node_modules/fastify-plugin": {
      "version": "3.0.1",
      "resolved": "https://registry.npmjs.org/fastify-plugin/-/fastify-plugin-3.0.1.tgz",
      "integrity": "sha512-qKcDXmuZadJqdTm6vlCqioEbyewF60b/0LOFCcYN1B6BIZGlYJumWWOYs70SFYLDAH4YqdE1cxH/RKMG7rFxgA=="
    },
    "node_modules/link-server-class": {
      "version": "1.0.1",
      "resolved": "https://registry.npmjs.org/link-server-class/-/link-server-class-1.0.1.tgz",
      "integrity": "sha512-a0c07w9OIt2EXPHFm+UuxvpXHQiOPai4uxeNTm9h6fy7ymUC+yB8TupNFsA9IkGy+z25StPYvkvWq76T+1yl9w==",
      "dependencies": {
        "@polka/send-type": "^0.5.2",
        "categorical-handlers": "^0.4.10 ",
        "copious-little-searcher": "^0.5.9",
        "copious-registry": "^0.5.8",
        "middie": "^7.1.0",
        "month-utils": "^0.8.2",
        "polka": "^0.5.2"
      },
      "funding": {
        "type": "GitHub Sponsors",
        "url": "https://github.com/sponsors/copious-world"
      }
    },
    "node_modules/matchit": {
      "version": "1.1.0",
      "resolved": "https://registry.npmjs.org/matchit/-/matchit-1.1.0.tgz",
      "integrity": "sha512-+nGYoOlfHmxe5BW5tE0EMJppXEwdSf8uBA1GTZC7Q77kbT35+VKLYJMzVNWCHSsga1ps1tPYFtFyvxvKzWVmMA==",
      "dependencies": {
        "@arr/every": "^1.0.0"
      },
      "engines": {
        "node": ">=6"
      }
    },
    "node_modules/message-relay-services": {
      "version": "0.9.24",
      "resolved": "https://registry.npmjs.org/message-relay-services/-/message-relay-services-0.9.24.tgz",
      "integrity": "sha512-BL6bQl4GOPzJjjmjXgpP4yTOJ1UjUxfNWgtDRgq5FMBnBg+CU9dnVYAHp1Jc6vwMjBUmpqZJXPeSp/1AY34Z2A==",
      "funding": {
        "type": "GitHub Sponsors",
        "url": "https://github.com/sponsors/copious-world"
      }
    },
    "node_modules/middie": {
      "version": "7.1.0",
      "resolved": "https://registry.npmjs.org/middie/-/middie-7.1.0.tgz",
      "integrity": "sha512-1Fq0i+nGYlPyVv5pBbnXSdkcQ4in1d9pNv2DMwTKGztsqyAng9PN/PNl4PMhccScEWOvj+HT5QtANsA0AuYHFw==",
      "dependencies": {
        "middie-deprecated": "npm:middie@7.0.0",
        "process-warning": "^1.0.0"
      }
    },
    "node_modules/middie-deprecated": {
      "name": "middie",
      "version": "7.0.0",
      "resolved": "https://registry.npmjs.org/middie/-/middie-7.0.0.tgz",
      "integrity": "sha512-gAX1DrlTOMsDW6MskZrCJQW1j56I7VHqKFdwGSMtZuIbymye2j89R1juPLLCyEMrx0sZR9EZ+VqnWqOh9KH4PQ==",
      "dependencies": {
        "fastify-plugin": "^3.0.0",
        "path-to-regexp": "^6.1.0",
        "reusify": "^1.0.4"
      }
    },
    "node_modules/month-utils": {
      "version": "0.8.2",
      "resolved": "https://registry.npmjs.org/month-utils/-/month-utils-0.8.2.tgz",
      "integrity": "sha512-nwDwth299WfSMGVpevPDS3Td3NgSwODQ5W6dyBe279EQlFCBwslskgQJvFxRa1EqolD0Mcn+1kb0LaaERMOkMA==",
      "funding": {
        "type": "GitHub Sponsors",
        "url": "https://github.com/sponsors/copious-world"
      }
    },
    "node_modules/nan": {
      "version": "2.22.2",
      "resolved": "https://registry.npmjs.org/nan/-/nan-2.22.2.tgz",
      "integrity": "sha512-DANghxFkS1plDdRsX0X9pm0Z6SJNN6gBdtXfanwoZ8hooC5gosGFSBGRYHUVPz1asKA/kMRqDRdHrluZ61SpBQ=="
    },
    "node_modules/path-to-regexp": {
      "version": "6.3.0",
      "resolved": "https://registry.npmjs.org/path-to-regexp/-/path-to-regexp-6.3.0.tgz",
      "integrity": "sha512-Yhpw4T9C6hPpgPeA28us07OJeqZ5EzQTkbfwuhsUg0c237RomFoETJgmp2sa3F/41gfLE6G5cqcYwznmeEeOlQ=="
    },
    "node_modules/polka": {
      "version": "0.5.2",
      "resolved": "https://registry.npmjs.org/polka/-/polka-0.5.2.tgz",
      "integrity": "sha512-FVg3vDmCqP80tOrs+OeNlgXYmFppTXdjD5E7I4ET1NjvtNmQrb1/mJibybKkb/d4NA7YWAr1ojxuhpL3FHqdlw==",
      "dependencies": {
        "@polka/url": "^0.5.0",
        "trouter": "^2.0.1"
      }
    },
    "node_modules/process-warning": {
      "version": "1.0.0",
      "resolved": "https://registry.npmjs.org/process-warning/-/process-warning-1.0.0.tgz",
      "integrity": "sha512-du4wfLyj4yCZq1VupnVSZmRsPJsNuxoDQFdCFHLaYiEbFBD7QE0a+I4D7hOxrVnh78QE/YipFAj9lXHiXocV+Q=="
    },
    "node_modules/reusify": {
      "version": "1.1.0",
      "resolved": "https://registry.npmjs.org/reusify/-/reusify-1.1.0.tgz",
      "integrity": "sha512-g6QUff04oZpHs0eG5p83rFLhHeV00ug/Yf9nZM6fLeUrPguBTkTQOdpAWWspMh55TZfVQDPaN3NQJfbVRAxdIw==",
      "engines": {
        "iojs": ">=1.0.0",
        "node": ">=0.10.0"
      }
    },
    "node_modules/trouter": {
      "version": "2.0.1",
      "resolved": "https://registry.npmjs.org/trouter/-/trouter-2.0.1.tgz",
      "integrity": "sha512-kr8SKKw94OI+xTGOkfsvwZQ8mWoikZDd2n8XZHjJVZUARZT+4/VV6cacRS6CLsH9bNm+HFIPU1Zx4CnNnb4qlQ==",
      "dependencies": {
        "matchit": "^1.0.0"
      },
      "engines": {
        "node": ">=6"
      }
    },
    "node_modules/xxhash32-node-cmake": {
      "version": "1.1.0",
      "resolved": "https://registry.npmjs.org/xxhash32-node-cmake/-/xxhash32-node-cmake-1.1.0.tgz",
      "integrity": "sha512-8KLbfP8pwBqeyWRtvNWlSnbafF/IMkYm4IwSSsjJF5efP6QZUSQoycReYx/qLhwNA/NDsBp6kQ7Np4MKLuw/gA==",
      "hasInstallScript": true,
      "os": [
        "!win32"
      ],
      "dependencies": {
        "nan": "^2.22.0"
      },
      "engines": {
        "node": ">=4.0.0"
      },
      "funding": {
        "type": "GitHub Sponsors",
        "url": "https://github.com/sponsors/copious-world"
      }
    }
  },
  "dependencies": {
    "@arr/every": {
      "version": "1.0.1",
      "resolved": "https://registry.npmjs.org/@arr/every/-/every-1.0.1.tgz",
      "integrity": "sha512-UQFQ6SgyJ6LX42W8rHCs8KVc0JS0tzVL9ct4XYedJukskYVWTo49tNiMEK9C2HTyarbNiT/RVIRSY82vH+6sTg=="
    },
    "@polka/send-type": {
      "version": "0.5.2",
      "resolved": "https://registry.npmjs.org/@polka/send-type/-/send-type-0.5.2.tgz",
      "integrity": "sha512-jGXalKihnhGQmMQ+xxfxrRfI2cWs38TIZuwgYpnbQDD4r9TkOiU3ocjAS+6CqqMNQNAu9Ul2iHU5YFRDODak2w=="
    },
    "@polka/url": {
      "version": "0.5.0",
      "resolved": "https://registry.npmjs.org/@polka/url/-/url-0.5.0.tgz",
      "integrity": "sha512-oZLYFEAzUKyi3SKnXvj32ZCEGH6RDnao7COuCVhDydMS9NrCSVXhM79VaKyP5+Zc33m0QXEd2DN3UkU7OsHcfw=="
    },
    "categorical-handlers": {
      "version": "0.4.10",
      "resolved": "https://registry.npmjs.org/categorical-handlers/-/categorical-handlers-0.4.10.tgz",
      "integrity": "sha512-HAgU+t4m2ZYXbhUWrkrKnb2RofsaxABGXq7oLIMSWjzdrSzJdCLwGIRuZ4skzNKuvqica8ERUSiHS9tclAv6Mg==",
      "requires": {
        "extra-file-class": "^0.9.9",
        "message-relay-services": "^0.9.12"
      }
    },
    "copious-little-searcher": {
      "version": "0.5.9",
      "resolved": "https://registry.npmjs.org/copious-little-searcher/-/copious-little-searcher-0.5.9.tgz",
      "integrity": "sha512-v3b8z7nIgawh1OJFfuT5CQShbWdIqY9ahEa8m/89/Q9tL+AoCMZ6q5x/ZwdEmh8kLB6LjrYfbPMH86t4wAXDXw==",
      "requires": {
        "copious-registry": "^0.5.8"
      }
    },
    "copious-registry": {
      "version": "0.5.8",
      "resolved": "https://registry.npmjs.org/copious-registry/-/copious-registry-0.5.8.tgz",
      "integrity": "sha512-g6YqAJvvQbx60Kub1w+rkTLEVgi5wDuxBuxP+pqGiLvkbJ8XRyLLbmgPnFjRpWl89unMeMxQKYOwmMkW9yLBBw==",
      "requires": {
        "extra-file-class": "^0.9.20",
        "xxhash32-node-cmake": "^1.1.0"
      }
    },
    "extra-file-class": {
      "version": "0.9.20",
      "resolved": "https://registry.npmjs.org/extra-file-class/-/extra-file-class-0.9.20.tgz",
      "integrity": "sha512-BAcP0YBLEhKsNhq9MvVJjnjMEChpeR+D3JQMWq9OSFaZ8ga9J+9H7bUkMGSvgR3UM29nZUvjqbILyRKJOpx4xA=="
    },
    "fastify-plugin": {
      "version": "3.0.1",
      "resolved": "https://registry.npmjs.org/fastify-plugin/-/fastify-plugin-3.0.1.tgz",
      "integrity": "sha512-qKcDXmuZadJqdTm6vlCqioEbyewF60b/0LOFCcYN1B6BIZGlYJumWWOYs70SFYLDAH4YqdE1cxH/RKMG7rFxgA=="
    },
    "link-server-class": {
      "version": "1.0.1",
      "resolved": "https://registry.npmjs.org/link-server-class/-/link-server-class-1.0.1.tgz",
      "integrity": "sha512-a0c07w9OIt2EXPHFm+UuxvpXHQiOPai4uxeNTm9h6fy7ymUC+yB8TupNFsA9IkGy+z25StPYvkvWq76T+1yl9w==",
      "requires": {
        "@polka/send-type": "^0.5.2",
        "categorical-handlers": "^0.4.10 ",
        "copious-little-searcher": "^0.5.9",
        "copious-registry": "^0.5.8",
        "middie": "^7.1.0",
        "month-utils": "^0.8.2",
        "polka": "^0.5.2"
      }
    },
    "matchit": {
      "version": "1.1.0",
      "resolved": "https://registry.npmjs.org/matchit/-/matchit-1.1.0.tgz",
      "integrity": "sha512-+nGYoOlfHmxe5BW5tE0EMJppXEwdSf8uBA1GTZC7Q77kbT35+VKLYJMzVNWCHSsga1ps1tPYFtFyvxvKzWVmMA==",
      "requires": {
        "@arr/every": "^1.0.0"
      }
    },
    "message-relay-services": {
      "version": "0.9.24",
      "resolved": "https://registry.npmjs.org/message-relay-services/-/message-relay-services-0.9.24.tgz",
      "integrity": "sha512-BL6bQl4GOPzJjjmjXgpP4yTOJ1UjUxfNWgtDRgq5FMBnBg+CU9dnVYAHp1Jc6vwMjBUmpqZJXPeSp/1AY34Z2A=="
    },
    "middie": {
      "version": "7.1.0",
      "resolved": "https://registry.npmjs.org/middie/-/middie-7.1.0.tgz",
      "integrity": "sha512-1Fq0i+nGYlPyVv5pBbnXSdkcQ4in1d9pNv2DMwTKGztsqyAng9PN/PNl4PMhccScEWOvj+HT5QtANsA0AuYHFw==",
      "requires": {
        "middie-deprecated": "npm:middie@7.0.0",
        "process-warning": "^1.0.0"
      }
    },
    "middie-deprecated": {
      "version": "npm:middie@7.0.0",
      "resolved": "https://registry.npmjs.org/middie/-/middie-7.0.0.tgz",
      "integrity": "sha512-gAX1DrlTOMsDW6MskZrCJQW1j56I7VHqKFdwGSMtZuIbymye2j89R1juPLLCyEMrx0sZR9EZ+VqnWqOh9KH4PQ==",
      "requires": {
        "fastify-plugin": "^3.0.0",
        "path-to-regexp": "^6.1.0",
        "reusify": "^1.0.4"
      }
    },
    "month-utils": {
      "version": "0.8.2",
      "resolved": "https://registry.npmjs.org/month-utils/-/month-utils-0.8.2.tgz",
      "integrity": "sha512-nwDwth299WfSMGVpevPDS3Td3NgSwODQ5W6dyBe279EQlFCBwslskgQJvFxRa1EqolD0Mcn+1kb0LaaERMOkMA=="
    },
    "nan": {
      "version": "2.22.2",
      "resolved": "https://registry.npmjs.org/nan/-/nan-2.22.2.tgz",
      "integrity": "sha512-DANghxFkS1plDdRsX0X9pm0Z6SJNN6gBdtXfanwoZ8hooC5gosGFSBGRYHUVPz1asKA/kMRqDRdHrluZ61SpBQ=="
    },
    "path-to-regexp": {
      "version": "6.3.0",
      "resolved": "https://registry.npmjs.org/path-to-regexp/-/path-to-regexp-6.3.0.tgz",
      "integrity": "sha512-Yhpw4T9C6hPpgPeA28us07OJeqZ5EzQTkbfwuhsUg0c237RomFoETJgmp2sa3F/41gfLE6G5cqcYwznmeEeOlQ=="
    },
    "polka": {
      "version": "0.5.2",
      "resolved": "https://registry.npmjs.org/polka/-/polka-0.5.2.tgz",
      "integrity": "sha512-FVg3vDmCqP80tOrs+OeNlgXYmFppTXdjD5E7I4ET1NjvtNmQrb1/mJibybKkb/d4NA7YWAr1ojxuhpL3FHqdlw==",
      "requires": {
        "@polka/url": "^0.5.0",
        "trouter": "^2.0.1"
      }
    },
    "process-warning": {
      "version": "1.0.0",
      "resolved": "https://registry.npmjs.org/process-warning/-/process-warning-1.0.0.tgz",
      "integrity": "sha512-du4wfLyj4yCZq1VupnVSZmRsPJsNuxoDQFdCFHLaYiEbFBD7QE0a+I4D7hOxrVnh78QE/YipFAj9lXHiXocV+Q=="
    },
    "reusify": {
      "version": "1.1.0",
      "resolved": "https://registry.npmjs.org/reusify/-/reusify-1.1.0.tgz",
      "integrity": "sha512-g6QUff04oZpHs0eG5p83rFLhHeV00ug/Yf9nZM6fLeUrPguBTkTQOdpAWWspMh55TZfVQDPaN3NQJfbVRAxdIw=="
    },
    "trouter": {
      "version": "2.0.1",
      "resolved": "https://registry.npmjs.org/trouter/-/trouter-2.0.1.tgz",
      "integrity": "sha512-kr8SKKw94OI+xTGOkfsvwZQ8mWoikZDd2n8XZHjJVZUARZT+4/VV6cacRS6CLsH9bNm+HFIPU1Zx4CnNnb4qlQ==",
      "requires": {
        "matchit": "^1.0.0"
      }
    },
    "xxhash32-node-cmake": {
      "version": "1.1.0",
      "resolved": "https://registry.npmjs.org/xxhash32-node-cmake/-/xxhash32-node-cmake-1.1.0.tgz",
      "integrity": "sha512-8KLbfP8pwBqeyWRtvNWlSnbafF/IMkYm4IwSSsjJF5efP6QZUSQoycReYx/qLhwNA/NDsBp6kQ7Np4MKLuw/gA==",
      "requires": {
        "nan": "^2.22.0"
      }
    }
  }
}
